
Microsoft Visual Studio Solution File, Format Version 12.00
# Visual Studio Version 17
VisualStudioVersion = 17.5.33530.505
MinimumVisualStudioVersion = 10.0.40219.1
Project("{8BC9CEB8-8B4A-11D0-8D11-00A0C91BC942}") = "21 - Manage Users Screen", "21 - Manage Users Screen\21 - Manage Users Screen.vcxproj", "{28913F70-628C-4C46-A49D-DC685DDE11FB}"
EndProject
Global
	GlobalSection(SolutionConfigurationPlatforms) = preSolution
		Debug|x64 = Debug|x64
		Debug|x86 = Debug|x86
		Release|x64 = Release|x64
		Release|x86 = Release|x86
	EndGlobalSection
	GlobalSection(ProjectConfigurationPlatforms) = postSolution
		{28913F70-628C-4C46-A49D-DC685DDE11FB}.Debug|x64.ActiveCfg = Debug|x64
		{28913F70-628C-4C46-A49D-DC685DDE11FB}.Debug|x64.Build.0 = Debug|x64
		{28913F70-628C-4C46-A49D-DC685DDE11FB}.Debug|x86.ActiveCfg = Debug|Win32
		{28913F70-628C-4C46-A49D-DC685DDE11FB}.Debug|x86.Build.0 = Debug|Win32
		{28913F70-628C-4C46-A49D-DC685DDE11FB}.Release|x64.ActiveCfg = Release|x64
		{28913F70-628C-4C46-A49D-DC685DDE11FB}.Release|x64.Build.0 = Release|x64
		{28913F70-628C-4C46-A49D-DC685DDE11FB}.Release|x86.ActiveCfg = Release|Win32
		{28913F70-628C-4C46-A49D-DC685DDE11FB}.Release|x86.Build.0 = Release|Win32
	EndGlobalSection
	GlobalSection(SolutionProperties) = preSolution
		HideSolutionNode = FALSE
	EndGlobalSection
	GlobalSection(ExtensibilityGlobals) = postSolution
		SolutionGuid = {4BAAFD89-BF58-4A97-89AD-F683E4EEFE4B}
	EndGlobalSection
EndGlobal
